
Microsoft Visual Studio Solution File, Format Version 12.00
# Visual Studio Version 17
VisualStudioVersion = 17.1.32407.343
MinimumVisualStudioVersion = 10.0.40219.1
Project("{54A90642-561A-4BB1-A94E-469ADEE60C69}") = "HousingProject", "HousingProject\HousingProject.esproj", "{D40254A0-58F2-4A49-84C0-588C4051831B}"
EndProject
Global
	GlobalSection(SolutionConfigurationPlatforms) = preSolution
		Debug|Any CPU = Debug|Any CPU
		Release|Any CPU = Release|Any CPU
	EndGlobalSection
	GlobalSection(ProjectConfigurationPlatforms) = postSolution
		{D40254A0-58F2-4A49-84C0-588C4051831B}.Debug|Any CPU.ActiveCfg = Debug|Any CPU
		{D40254A0-58F2-4A49-84C0-588C4051831B}.Debug|Any CPU.Build.0 = Debug|Any CPU
		{D40254A0-58F2-4A49-84C0-588C4051831B}.Debug|Any CPU.Deploy.0 = Debug|Any CPU
		{D40254A0-58F2-4A49-84C0-588C4051831B}.Release|Any CPU.ActiveCfg = Release|Any CPU
		{D40254A0-58F2-4A49-84C0-588C4051831B}.Release|Any CPU.Build.0 = Release|Any CPU
		{D40254A0-58F2-4A49-84C0-588C4051831B}.Release|Any CPU.Deploy.0 = Release|Any CPU
	EndGlobalSection
	GlobalSection(SolutionProperties) = preSolution
		HideSolutionNode = FALSE
	EndGlobalSection
	GlobalSection(ExtensibilityGlobals) = postSolution
		SolutionGuid = {6D136789-CBE4-45EC-AD09-E2D1DDFCAD02}
	EndGlobalSection
EndGlobal
